
Microsoft Visual Studio Solution File, Format Version 12.00
# Visual Studio 2015
Project("{FAE04EC0-301F-11D3-BF4B-00C04F79EFBC}") = "Connect Four - McAfee Project - Experimental v2", "Connect Four - McAfee Project - Experimental v2.csproj", "{43A556E3-C485-A72D-76B0-6FC2D2ACAA15}"
EndProject
Global
	GlobalSection(SolutionConfigurationPlatforms) = preSolution
		Debug|Any CPU = Debug|Any CPU
		Release|Any CPU = Release|Any CPU
	EndGlobalSection
	GlobalSection(ProjectConfigurationPlatforms) = postSolution
		{43A556E3-C485-A72D-76B0-6FC2D2ACAA15}.Debug|Any CPU.ActiveCfg = Debug|Any CPU
		{43A556E3-C485-A72D-76B0-6FC2D2ACAA15}.Debug|Any CPU.Build.0 = Debug|Any CPU
		{43A556E3-C485-A72D-76B0-6FC2D2ACAA15}.Release|Any CPU.ActiveCfg = Release|Any CPU
		{43A556E3-C485-A72D-76B0-6FC2D2ACAA15}.Release|Any CPU.Build.0 = Release|Any CPU
	EndGlobalSection
	GlobalSection(SolutionProperties) = preSolution
		HideSolutionNode = FALSE
	EndGlobalSection
EndGlobal
